
Microsoft Visual Studio Solution File, Format Version 12.00
# Visual Studio Version 16
<<<<<<< HEAD
VisualStudioVersion = 16.0.29709.97
MinimumVisualStudioVersion = 10.0.40219.1
Project("{FAE04EC0-301F-11D3-BF4B-00C04F79EFBC}") = "TicTacToeGame", "TicTacToeGame\TicTacToeGame.csproj", "{C80FA91D-DE85-4D5F-B3E4-AB72731B465C}"
=======
VisualStudioVersion = 16.0.29613.14
MinimumVisualStudioVersion = 10.0.40219.1
Project("{FAE04EC0-301F-11D3-BF4B-00C04F79EFBC}") = "TicTacToeGame", "TicTacToeGame\TicTacToeGame.csproj", "{6647328E-2ED8-42DB-B89E-F0AECF65726A}"
>>>>>>> 27326b891d53b28be8e0d3e9b3e9262dcda7dac7
EndProject
Global
	GlobalSection(SolutionConfigurationPlatforms) = preSolution
		Debug|Any CPU = Debug|Any CPU
		Release|Any CPU = Release|Any CPU
	EndGlobalSection
	GlobalSection(ProjectConfigurationPlatforms) = postSolution
<<<<<<< HEAD
		{C80FA91D-DE85-4D5F-B3E4-AB72731B465C}.Debug|Any CPU.ActiveCfg = Debug|Any CPU
		{C80FA91D-DE85-4D5F-B3E4-AB72731B465C}.Debug|Any CPU.Build.0 = Debug|Any CPU
		{C80FA91D-DE85-4D5F-B3E4-AB72731B465C}.Release|Any CPU.ActiveCfg = Release|Any CPU
		{C80FA91D-DE85-4D5F-B3E4-AB72731B465C}.Release|Any CPU.Build.0 = Release|Any CPU
=======
		{6647328E-2ED8-42DB-B89E-F0AECF65726A}.Debug|Any CPU.ActiveCfg = Debug|Any CPU
		{6647328E-2ED8-42DB-B89E-F0AECF65726A}.Debug|Any CPU.Build.0 = Debug|Any CPU
		{6647328E-2ED8-42DB-B89E-F0AECF65726A}.Release|Any CPU.ActiveCfg = Release|Any CPU
		{6647328E-2ED8-42DB-B89E-F0AECF65726A}.Release|Any CPU.Build.0 = Release|Any CPU
>>>>>>> 27326b891d53b28be8e0d3e9b3e9262dcda7dac7
	EndGlobalSection
	GlobalSection(SolutionProperties) = preSolution
		HideSolutionNode = FALSE
	EndGlobalSection
	GlobalSection(ExtensibilityGlobals) = postSolution
<<<<<<< HEAD
		SolutionGuid = {F032BCDF-1259-490A-AD57-69267BBC32AC}
=======
		SolutionGuid = {473F6874-C725-4B35-891F-198124D96190}
>>>>>>> 27326b891d53b28be8e0d3e9b3e9262dcda7dac7
	EndGlobalSection
EndGlobal
